
Microsoft Visual Studio Solution File, Format Version 12.00
# Visual Studio Version 17
VisualStudioVersion = 17.7.34009.444
MinimumVisualStudioVersion = 10.0.40219.1
Project("{9A19103F-16F7-4668-BE54-9A1E7A4F7556}") = "ZZDatsTest", "ZZDatsTest\ZZDatsTest.csproj", "{CF2A0FDC-1B56-4160-BE60-27E3CFC64B91}"
EndProject
Project("{9A19103F-16F7-4668-BE54-9A1E7A4F7556}") = "ZZDatsTest.Csv", "ZZDatsTest.Csv\ZZDatsTest.Csv.csproj", "{688AC4CB-58B0-4384-A484-DFC75BCDAFC8}"
EndProject
Project("{FAE04EC0-301F-11D3-BF4B-00C04F79EFBC}") = "ZZDatsTest.LoadDb", "ZZDatsTest.LoadDb\ZZDatsTest.LoadDb.csproj", "{F49DB383-EB60-4233-89B5-EA53350733B5}"
EndProject
Global
	GlobalSection(SolutionConfigurationPlatforms) = preSolution
		Debug|Any CPU = Debug|Any CPU
		Release|Any CPU = Release|Any CPU
	EndGlobalSection
	GlobalSection(ProjectConfigurationPlatforms) = postSolution
		{CF2A0FDC-1B56-4160-BE60-27E3CFC64B91}.Debug|Any CPU.ActiveCfg = Debug|Any CPU
		{CF2A0FDC-1B56-4160-BE60-27E3CFC64B91}.Debug|Any CPU.Build.0 = Debug|Any CPU
		{CF2A0FDC-1B56-4160-BE60-27E3CFC64B91}.Release|Any CPU.ActiveCfg = Release|Any CPU
		{CF2A0FDC-1B56-4160-BE60-27E3CFC64B91}.Release|Any CPU.Build.0 = Release|Any CPU
		{688AC4CB-58B0-4384-A484-DFC75BCDAFC8}.Debug|Any CPU.ActiveCfg = Debug|Any CPU
		{688AC4CB-58B0-4384-A484-DFC75BCDAFC8}.Debug|Any CPU.Build.0 = Debug|Any CPU
		{688AC4CB-58B0-4384-A484-DFC75BCDAFC8}.Release|Any CPU.ActiveCfg = Release|Any CPU
		{688AC4CB-58B0-4384-A484-DFC75BCDAFC8}.Release|Any CPU.Build.0 = Release|Any CPU
		{F49DB383-EB60-4233-89B5-EA53350733B5}.Debug|Any CPU.ActiveCfg = Debug|Any CPU
		{F49DB383-EB60-4233-89B5-EA53350733B5}.Debug|Any CPU.Build.0 = Debug|Any CPU
		{F49DB383-EB60-4233-89B5-EA53350733B5}.Release|Any CPU.ActiveCfg = Release|Any CPU
		{F49DB383-EB60-4233-89B5-EA53350733B5}.Release|Any CPU.Build.0 = Release|Any CPU
	EndGlobalSection
	GlobalSection(SolutionProperties) = preSolution
		HideSolutionNode = FALSE
	EndGlobalSection
	GlobalSection(ExtensibilityGlobals) = postSolution
		SolutionGuid = {D5D36E6B-F87E-4109-9E72-2F93C1C14040}
	EndGlobalSection
EndGlobal
